
Microsoft Visual Studio Solution File, Format Version 12.00
# Visual Studio 14
VisualStudioVersion = 14.0.24720.0
MinimumVisualStudioVersion = 10.0.40219.1
Project("{FAE04EC0-301F-11D3-BF4B-00C04F79EFBC}") = "TodoList.Models", "TodoList.Models\TodoList.Models.csproj", "{AF03837C-63E9-48E6-B883-319EC79FC0E2}"
EndProject
Project("{FAE04EC0-301F-11D3-BF4B-00C04F79EFBC}") = "TodoList.Data", "TodoList.Data\TodoList.Data.csproj", "{20A82270-3EF5-4852-80AA-7D5E15CE53F6}"
EndProject
Project("{FAE04EC0-301F-11D3-BF4B-00C04F79EFBC}") = "TodoList.Web", "TodoList.Web\TodoList.Web.csproj", "{CCF77449-9126-4F0C-8850-97962CBD09E1}"
EndProject
Global
	GlobalSection(SolutionConfigurationPlatforms) = preSolution
		Debug|Any CPU = Debug|Any CPU
		Release|Any CPU = Release|Any CPU
	EndGlobalSection
	GlobalSection(ProjectConfigurationPlatforms) = postSolution
		{AF03837C-63E9-48E6-B883-319EC79FC0E2}.Debug|Any CPU.ActiveCfg = Debug|Any CPU
		{AF03837C-63E9-48E6-B883-319EC79FC0E2}.Debug|Any CPU.Build.0 = Debug|Any CPU
		{AF03837C-63E9-48E6-B883-319EC79FC0E2}.Release|Any CPU.ActiveCfg = Release|Any CPU
		{AF03837C-63E9-48E6-B883-319EC79FC0E2}.Release|Any CPU.Build.0 = Release|Any CPU
		{20A82270-3EF5-4852-80AA-7D5E15CE53F6}.Debug|Any CPU.ActiveCfg = Debug|Any CPU
		{20A82270-3EF5-4852-80AA-7D5E15CE53F6}.Debug|Any CPU.Build.0 = Debug|Any CPU
		{20A82270-3EF5-4852-80AA-7D5E15CE53F6}.Release|Any CPU.ActiveCfg = Release|Any CPU
		{20A82270-3EF5-4852-80AA-7D5E15CE53F6}.Release|Any CPU.Build.0 = Release|Any CPU
		{CCF77449-9126-4F0C-8850-97962CBD09E1}.Debug|Any CPU.ActiveCfg = Debug|Any CPU
		{CCF77449-9126-4F0C-8850-97962CBD09E1}.Debug|Any CPU.Build.0 = Debug|Any CPU
		{CCF77449-9126-4F0C-8850-97962CBD09E1}.Release|Any CPU.ActiveCfg = Release|Any CPU
		{CCF77449-9126-4F0C-8850-97962CBD09E1}.Release|Any CPU.Build.0 = Release|Any CPU
	EndGlobalSection
	GlobalSection(SolutionProperties) = preSolution
		HideSolutionNode = FALSE
	EndGlobalSection
EndGlobal
