
Microsoft Visual Studio Solution File, Format Version 12.00
# Visual Studio 14
VisualStudioVersion = 14.0.24720.0
MinimumVisualStudioVersion = 10.0.40219.1
Project("{FAE04EC0-301F-11D3-BF4B-00C04F79EFBC}") = "OnlineShop.Models", "OnlineShop.Models\OnlineShop.Models.csproj", "{8CEBAAE3-9089-422C-B919-45B25274D64C}"
EndProject
Project("{FAE04EC0-301F-11D3-BF4B-00C04F79EFBC}") = "OnlineShop.Data", "OnlineShop.Data\OnlineShop.Data.csproj", "{A515AE3B-073E-43A1-85E0-E91767F54B1F}"
EndProject
Project("{FAE04EC0-301F-11D3-BF4B-00C04F79EFBC}") = "OnlineShop", "OnlineShop\OnlineShop.csproj", "{AB8790DF-7944-4D17-BBCD-6FC590BF10A1}"
EndProject
Global
	GlobalSection(SolutionConfigurationPlatforms) = preSolution
		Debug|Any CPU = Debug|Any CPU
		Release|Any CPU = Release|Any CPU
	EndGlobalSection
	GlobalSection(ProjectConfigurationPlatforms) = postSolution
		{8CEBAAE3-9089-422C-B919-45B25274D64C}.Debug|Any CPU.ActiveCfg = Debug|Any CPU
		{8CEBAAE3-9089-422C-B919-45B25274D64C}.Debug|Any CPU.Build.0 = Debug|Any CPU
		{8CEBAAE3-9089-422C-B919-45B25274D64C}.Release|Any CPU.ActiveCfg = Release|Any CPU
		{8CEBAAE3-9089-422C-B919-45B25274D64C}.Release|Any CPU.Build.0 = Release|Any CPU
		{A515AE3B-073E-43A1-85E0-E91767F54B1F}.Debug|Any CPU.ActiveCfg = Debug|Any CPU
		{A515AE3B-073E-43A1-85E0-E91767F54B1F}.Debug|Any CPU.Build.0 = Debug|Any CPU
		{A515AE3B-073E-43A1-85E0-E91767F54B1F}.Release|Any CPU.ActiveCfg = Release|Any CPU
		{A515AE3B-073E-43A1-85E0-E91767F54B1F}.Release|Any CPU.Build.0 = Release|Any CPU
		{AB8790DF-7944-4D17-BBCD-6FC590BF10A1}.Debug|Any CPU.ActiveCfg = Debug|Any CPU
		{AB8790DF-7944-4D17-BBCD-6FC590BF10A1}.Debug|Any CPU.Build.0 = Debug|Any CPU
		{AB8790DF-7944-4D17-BBCD-6FC590BF10A1}.Release|Any CPU.ActiveCfg = Release|Any CPU
		{AB8790DF-7944-4D17-BBCD-6FC590BF10A1}.Release|Any CPU.Build.0 = Release|Any CPU
	EndGlobalSection
	GlobalSection(SolutionProperties) = preSolution
		HideSolutionNode = FALSE
	EndGlobalSection
EndGlobal
